
Microsoft Visual Studio Solution File, Format Version 12.00
# Visual Studio Version 17
VisualStudioVersion = 17.0.32112.339
MinimumVisualStudioVersion = 10.0.40219.1
Project("{FAE04EC0-301F-11D3-BF4B-00C04F79EFBC}") = "FiveNightsatDiddy's", "FiveNightsatDiddy's\FiveNightsatDiddy's.csproj", "{AA37CBE1-3397-4DFC-A15E-0ED016AD924A}"
EndProject
Global
	GlobalSection(SolutionConfigurationPlatforms) = preSolution
		Debug|Any CPU = Debug|Any CPU
		Release|Any CPU = Release|Any CPU
	EndGlobalSection
	GlobalSection(ProjectConfigurationPlatforms) = postSolution
		{AA37CBE1-3397-4DFC-A15E-0ED016AD924A}.Debug|Any CPU.ActiveCfg = Debug|Any CPU
		{AA37CBE1-3397-4DFC-A15E-0ED016AD924A}.Debug|Any CPU.Build.0 = Debug|Any CPU
		{AA37CBE1-3397-4DFC-A15E-0ED016AD924A}.Release|Any CPU.ActiveCfg = Release|Any CPU
		{AA37CBE1-3397-4DFC-A15E-0ED016AD924A}.Release|Any CPU.Build.0 = Release|Any CPU
	EndGlobalSection
	GlobalSection(SolutionProperties) = preSolution
		HideSolutionNode = FALSE
	EndGlobalSection
	GlobalSection(ExtensibilityGlobals) = postSolution
		SolutionGuid = {D9CCA707-6E13-462B-AF8B-7A5A74E6A629}
	EndGlobalSection
EndGlobal
